
Microsoft Visual Studio Solution File, Format Version 12.00
# Visual Studio Version 16
VisualStudioVersion = 16.0.32106.194
MinimumVisualStudioVersion = 10.0.40219.1
Project("{FAE04EC0-301F-11D3-BF4B-00C04F79EFBC}") = "Color Theme", "Color Theme\Color Theme.csproj", "{67D9E999-B922-443B-89FB-4974E637B81E}"
EndProject
Global
	GlobalSection(SolutionConfigurationPlatforms) = preSolution
		Debug|Any CPU = Debug|Any CPU
		Release|Any CPU = Release|Any CPU
	EndGlobalSection
	GlobalSection(ProjectConfigurationPlatforms) = postSolution
		{67D9E999-B922-443B-89FB-4974E637B81E}.Debug|Any CPU.ActiveCfg = Debug|Any CPU
		{67D9E999-B922-443B-89FB-4974E637B81E}.Debug|Any CPU.Build.0 = Debug|Any CPU
		{67D9E999-B922-443B-89FB-4974E637B81E}.Release|Any CPU.ActiveCfg = Release|Any CPU
		{67D9E999-B922-443B-89FB-4974E637B81E}.Release|Any CPU.Build.0 = Release|Any CPU
	EndGlobalSection
	GlobalSection(SolutionProperties) = preSolution
		HideSolutionNode = FALSE
	EndGlobalSection
	GlobalSection(ExtensibilityGlobals) = postSolution
		SolutionGuid = {D790FD90-F66A-4AC4-9FFC-CFF71BB1A918}
	EndGlobalSection
EndGlobal
