
Microsoft Visual Studio Solution File, Format Version 12.00
# Visual Studio Version 16
VisualStudioVersion = 16.0.32106.194
MinimumVisualStudioVersion = 10.0.40219.1
Project("{FAE04EC0-301F-11D3-BF4B-00C04F79EFBC}") = "Time Zone Selector", "Time Zone Selector\Time Zone Selector.csproj", "{1C6A57A8-42E0-4CCC-AEC0-C46336D7D9E3}"
EndProject
Global
	GlobalSection(SolutionConfigurationPlatforms) = preSolution
		Debug|Any CPU = Debug|Any CPU
		Release|Any CPU = Release|Any CPU
	EndGlobalSection
	GlobalSection(ProjectConfigurationPlatforms) = postSolution
		{1C6A57A8-42E0-4CCC-AEC0-C46336D7D9E3}.Debug|Any CPU.ActiveCfg = Debug|Any CPU
		{1C6A57A8-42E0-4CCC-AEC0-C46336D7D9E3}.Debug|Any CPU.Build.0 = Debug|Any CPU
		{1C6A57A8-42E0-4CCC-AEC0-C46336D7D9E3}.Release|Any CPU.ActiveCfg = Release|Any CPU
		{1C6A57A8-42E0-4CCC-AEC0-C46336D7D9E3}.Release|Any CPU.Build.0 = Release|Any CPU
	EndGlobalSection
	GlobalSection(SolutionProperties) = preSolution
		HideSolutionNode = FALSE
	EndGlobalSection
	GlobalSection(ExtensibilityGlobals) = postSolution
		SolutionGuid = {109FA8D7-09C8-43C4-BB58-474C922DE5E6}
	EndGlobalSection
EndGlobal
