
Microsoft Visual Studio Solution File, Format Version 12.00
# Visual Studio Version 16
VisualStudioVersion = 16.0.32106.194
MinimumVisualStudioVersion = 10.0.40219.1
Project("{FAE04EC0-301F-11D3-BF4B-00C04F79EFBC}") = "Test Score Average Advanced", "Test Score Average Advanced\Test Score Average Advanced.csproj", "{F3346A88-9EAF-4316-BC1B-FD66FB3BCC7E}"
EndProject
Global
	GlobalSection(SolutionConfigurationPlatforms) = preSolution
		Debug|Any CPU = Debug|Any CPU
		Release|Any CPU = Release|Any CPU
	EndGlobalSection
	GlobalSection(ProjectConfigurationPlatforms) = postSolution
		{F3346A88-9EAF-4316-BC1B-FD66FB3BCC7E}.Debug|Any CPU.ActiveCfg = Debug|Any CPU
		{F3346A88-9EAF-4316-BC1B-FD66FB3BCC7E}.Debug|Any CPU.Build.0 = Debug|Any CPU
		{F3346A88-9EAF-4316-BC1B-FD66FB3BCC7E}.Release|Any CPU.ActiveCfg = Release|Any CPU
		{F3346A88-9EAF-4316-BC1B-FD66FB3BCC7E}.Release|Any CPU.Build.0 = Release|Any CPU
	EndGlobalSection
	GlobalSection(SolutionProperties) = preSolution
		HideSolutionNode = FALSE
	EndGlobalSection
	GlobalSection(ExtensibilityGlobals) = postSolution
		SolutionGuid = {C2A68FC8-527B-4D62-B7BF-B9CD041B8A11}
	EndGlobalSection
EndGlobal
